
Microsoft Visual Studio Solution File, Format Version 12.00
# Visual Studio Version 17
VisualStudioVersion = 17.5.33516.290
MinimumVisualStudioVersion = 10.0.40219.1
Project("{FAE04EC0-301F-11D3-BF4B-00C04F79EFBC}") = "Test-quPOS", "Test-quPOS\Test-quPOS.csproj", "{1FA0F8A2-6D85-48E4-8A31-CC906ECF69B2}"
EndProject
Project("{FAE04EC0-301F-11D3-BF4B-00C04F79EFBC}") = "UnitTests", "UnitTests\UnitTests.csproj", "{BB5295B4-A250-442F-892F-36DAD88ADAE6}"
EndProject
Global
	GlobalSection(SolutionConfigurationPlatforms) = preSolution
		Debug|Any CPU = Debug|Any CPU
		Release|Any CPU = Release|Any CPU
	EndGlobalSection
	GlobalSection(ProjectConfigurationPlatforms) = postSolution
		{1FA0F8A2-6D85-48E4-8A31-CC906ECF69B2}.Debug|Any CPU.ActiveCfg = Debug|Any CPU
		{1FA0F8A2-6D85-48E4-8A31-CC906ECF69B2}.Debug|Any CPU.Build.0 = Debug|Any CPU
		{1FA0F8A2-6D85-48E4-8A31-CC906ECF69B2}.Release|Any CPU.ActiveCfg = Release|Any CPU
		{1FA0F8A2-6D85-48E4-8A31-CC906ECF69B2}.Release|Any CPU.Build.0 = Release|Any CPU
		{BB5295B4-A250-442F-892F-36DAD88ADAE6}.Debug|Any CPU.ActiveCfg = Debug|Any CPU
		{BB5295B4-A250-442F-892F-36DAD88ADAE6}.Debug|Any CPU.Build.0 = Debug|Any CPU
		{BB5295B4-A250-442F-892F-36DAD88ADAE6}.Release|Any CPU.ActiveCfg = Release|Any CPU
		{BB5295B4-A250-442F-892F-36DAD88ADAE6}.Release|Any CPU.Build.0 = Release|Any CPU
	EndGlobalSection
	GlobalSection(SolutionProperties) = preSolution
		HideSolutionNode = FALSE
	EndGlobalSection
	GlobalSection(ExtensibilityGlobals) = postSolution
		SolutionGuid = {B49494FD-13B0-4613-8A7A-323B27FE2F8C}
	EndGlobalSection
EndGlobal
